
Microsoft Visual Studio Solution File, Format Version 12.00
# Visual Studio Version 16
VisualStudioVersion = 16.0.30804.86
MinimumVisualStudioVersion = 10.0.40219.1
Project("{FAE04EC0-301F-11D3-BF4B-00C04F79EFBC}") = "ScreenRegionMonitor", "ScreenRegionMonitor\ScreenRegionMonitor.csproj", "{DAE9C71B-63C8-4C32-8067-097F5B400478}"
EndProject
Global
	GlobalSection(SolutionConfigurationPlatforms) = preSolution
		Debug|Any CPU = Debug|Any CPU
		Release|Any CPU = Release|Any CPU
	EndGlobalSection
	GlobalSection(ProjectConfigurationPlatforms) = postSolution
		{DAE9C71B-63C8-4C32-8067-097F5B400478}.Debug|Any CPU.ActiveCfg = Debug|Any CPU
		{DAE9C71B-63C8-4C32-8067-097F5B400478}.Debug|Any CPU.Build.0 = Debug|Any CPU
		{DAE9C71B-63C8-4C32-8067-097F5B400478}.Release|Any CPU.ActiveCfg = Release|Any CPU
		{DAE9C71B-63C8-4C32-8067-097F5B400478}.Release|Any CPU.Build.0 = Release|Any CPU
	EndGlobalSection
	GlobalSection(SolutionProperties) = preSolution
		HideSolutionNode = FALSE
	EndGlobalSection
	GlobalSection(ExtensibilityGlobals) = postSolution
		SolutionGuid = {47D14F87-8D44-4EC7-93A8-6104A9E77FF0}
	EndGlobalSection
EndGlobal
